
Microsoft Visual Studio Solution File, Format Version 12.00
# Visual Studio 2013
VisualStudioVersion = 12.0.31101.0
MinimumVisualStudioVersion = 10.0.40219.1
Project("{FAE04EC0-301F-11D3-BF4B-00C04F79EFBC}") = "StringComparison", "ConsoleApplications\StringComparison.csproj", "{321A06C3-D250-46D6-BB9D-4E75B06999B6}"
EndProject
Project("{FAE04EC0-301F-11D3-BF4B-00C04F79EFBC}") = "NormalTest", "NormalTest\NormalTest.csproj", "{C9C6E63B-04A1-47CE-8F51-6E1BA8B45CCE}"
EndProject
Project("{FAE04EC0-301F-11D3-BF4B-00C04F79EFBC}") = "FTPDownload", "FTPDownload\FTPDownload.csproj", "{EE412D10-F466-4BD9-A451-FC8DF45F30C0}"
EndProject
Project("{FAE04EC0-301F-11D3-BF4B-00C04F79EFBC}") = "RegexConsoleTest", "RegexConsoleTest\RegexConsoleTest.csproj", "{3C380E5E-4D81-4909-901C-89070D88F2A9}"
EndProject
Project("{FAE04EC0-301F-11D3-BF4B-00C04F79EFBC}") = "XMLTestConsole", "XMLTestConsole\XMLTestConsole.csproj", "{AEC00657-FC2B-4E79-A513-9B9D47D5EBAB}"
EndProject
Project("{FAE04EC0-301F-11D3-BF4B-00C04F79EFBC}") = "AsyncPatternTest", "AsyncPatternTest\AsyncPatternTest.csproj", "{168F5768-7C33-49B5-A510-793836266050}"
EndProject
Project("{FAE04EC0-301F-11D3-BF4B-00C04F79EFBC}") = "WPFTest", "WPFTest\WPFTest.csproj", "{C11BB966-6F4A-4F95-9B00-F9B64820CF23}"
EndProject
Project("{FAE04EC0-301F-11D3-BF4B-00C04F79EFBC}") = "InternetAccessTest", "InternetAccessTest\InternetAccessTest.csproj", "{2FBB6A21-83A9-4FC3-B2BD-D5C448014D53}"
EndProject
Project("{FAE04EC0-301F-11D3-BF4B-00C04F79EFBC}") = "TestLibrary", "TestLibrary\TestLibrary.csproj", "{64620F43-4750-432B-ACBA-819A00C4FD03}"
EndProject
Project("{FAE04EC0-301F-11D3-BF4B-00C04F79EFBC}") = "IEHandlerTest", "IEHandlerTest\IEHandlerTest.csproj", "{119A169C-69D4-4311-8549-40458ED7550F}"
EndProject
Project("{FAE04EC0-301F-11D3-BF4B-00C04F79EFBC}") = "CountryCode", "CountryCode\CountryCode.csproj", "{F126277E-5DD2-4081-9D00-402D2DE905D1}"
EndProject
Project("{FAE04EC0-301F-11D3-BF4B-00C04F79EFBC}") = "JSONSerialization", "JSONSerialization\JSONSerialization.csproj", "{C1689E75-571F-44F1-B71C-C7BB15F4B26A}"
EndProject
Project("{FAE04EC0-301F-11D3-BF4B-00C04F79EFBC}") = "KSModelSimulator", "KSModelSimulator\KSModelSimulator.csproj", "{537F867D-91A8-414A-9622-F2C0BBA93322}"
EndProject
Project("{FAE04EC0-301F-11D3-BF4B-00C04F79EFBC}") = "JSONValidator", "JSONValidator\JSONValidator.csproj", "{3C93C8DD-6230-4F69-BCE1-B54804C78350}"
EndProject
Project("{FAE04EC0-301F-11D3-BF4B-00C04F79EFBC}") = "DCFSample", "DCFSample\DCFSample.csproj", "{E84BAE87-2C24-4FF7-BA69-7716828D5F1C}"
EndProject
Project("{FAE04EC0-301F-11D3-BF4B-00C04F79EFBC}") = "DCFPluginSample", "DCFPluginSample\DCFPluginSample.csproj", "{5C3F273B-F736-45A6-87A4-A50B4A4A2726}"
EndProject
Project("{FAE04EC0-301F-11D3-BF4B-00C04F79EFBC}") = "Window10-32Test", "Window10-32Test\Window10-32Test.csproj", "{EEBE54C9-DC1A-4DFE-B9A4-83BBD53E7EA2}"
EndProject
Project("{FAE04EC0-301F-11D3-BF4B-00C04F79EFBC}") = "FormApplication", "FormApplication\FormApplication.csproj", "{C4B31A64-B42E-4839-A2F8-E3948906B1AE}"
EndProject
Project("{FAE04EC0-301F-11D3-BF4B-00C04F79EFBC}") = "FullControlFolder", "FullControlFolder\FullControlFolder.csproj", "{190BF3EC-C626-43AF-8DF8-1AE7FA76A7F5}"
EndProject
Project("{FAE04EC0-301F-11D3-BF4B-00C04F79EFBC}") = "RegistryTest", "RegistryTest\RegistryTest.csproj", "{80E940F2-1A4C-4F15-A729-6952FE7C4790}"
EndProject
Project("{FAE04EC0-301F-11D3-BF4B-00C04F79EFBC}") = "JSONFileValidator", "JSONFileValidator\JSONFileValidator.csproj", "{363D427F-15E3-4CED-99A8-B0FDDE5BE291}"
EndProject
Project("{FAE04EC0-301F-11D3-BF4B-00C04F79EFBC}") = "Angular101", "Angular101\Angular101.csproj", "{93171C38-FAC2-4CE7-B2C4-D4646AF4B3AC}"
EndProject
Project("{FAE04EC0-301F-11D3-BF4B-00C04F79EFBC}") = "PRSvc", "PRSvc\PRSvc.csproj", "{D4D65905-93D6-4D06-BD64-89D16F8EC591}"
EndProject
Project("{FAE04EC0-301F-11D3-BF4B-00C04F79EFBC}") = "OOBETest", "OOBETest\OOBETest.csproj", "{30B8E0A5-5DBE-48FA-AEE4-0E9AC4664F06}"
EndProject
Project("{FAE04EC0-301F-11D3-BF4B-00C04F79EFBC}") = "MVCTest", "MVCTest\MVCTest.csproj", "{C9659C06-8AE6-4E60-B717-8E3D191A684F}"
EndProject
Global
	GlobalSection(SolutionConfigurationPlatforms) = preSolution
		Debug|Any CPU = Debug|Any CPU
		Release|Any CPU = Release|Any CPU
	EndGlobalSection
	GlobalSection(ProjectConfigurationPlatforms) = postSolution
		{321A06C3-D250-46D6-BB9D-4E75B06999B6}.Debug|Any CPU.ActiveCfg = Debug|Any CPU
		{321A06C3-D250-46D6-BB9D-4E75B06999B6}.Debug|Any CPU.Build.0 = Debug|Any CPU
		{321A06C3-D250-46D6-BB9D-4E75B06999B6}.Release|Any CPU.ActiveCfg = Release|Any CPU
		{321A06C3-D250-46D6-BB9D-4E75B06999B6}.Release|Any CPU.Build.0 = Release|Any CPU
		{C9C6E63B-04A1-47CE-8F51-6E1BA8B45CCE}.Debug|Any CPU.ActiveCfg = Debug|Any CPU
		{C9C6E63B-04A1-47CE-8F51-6E1BA8B45CCE}.Debug|Any CPU.Build.0 = Debug|Any CPU
		{C9C6E63B-04A1-47CE-8F51-6E1BA8B45CCE}.Release|Any CPU.ActiveCfg = Release|Any CPU
		{C9C6E63B-04A1-47CE-8F51-6E1BA8B45CCE}.Release|Any CPU.Build.0 = Release|Any CPU
		{EE412D10-F466-4BD9-A451-FC8DF45F30C0}.Debug|Any CPU.ActiveCfg = Debug|Any CPU
		{EE412D10-F466-4BD9-A451-FC8DF45F30C0}.Debug|Any CPU.Build.0 = Debug|Any CPU
		{EE412D10-F466-4BD9-A451-FC8DF45F30C0}.Release|Any CPU.ActiveCfg = Release|Any CPU
		{EE412D10-F466-4BD9-A451-FC8DF45F30C0}.Release|Any CPU.Build.0 = Release|Any CPU
		{3C380E5E-4D81-4909-901C-89070D88F2A9}.Debug|Any CPU.ActiveCfg = Debug|Any CPU
		{3C380E5E-4D81-4909-901C-89070D88F2A9}.Debug|Any CPU.Build.0 = Debug|Any CPU
		{3C380E5E-4D81-4909-901C-89070D88F2A9}.Release|Any CPU.ActiveCfg = Release|Any CPU
		{3C380E5E-4D81-4909-901C-89070D88F2A9}.Release|Any CPU.Build.0 = Release|Any CPU
		{AEC00657-FC2B-4E79-A513-9B9D47D5EBAB}.Debug|Any CPU.ActiveCfg = Debug|Any CPU
		{AEC00657-FC2B-4E79-A513-9B9D47D5EBAB}.Debug|Any CPU.Build.0 = Debug|Any CPU
		{AEC00657-FC2B-4E79-A513-9B9D47D5EBAB}.Release|Any CPU.ActiveCfg = Release|Any CPU
		{AEC00657-FC2B-4E79-A513-9B9D47D5EBAB}.Release|Any CPU.Build.0 = Release|Any CPU
		{168F5768-7C33-49B5-A510-793836266050}.Debug|Any CPU.ActiveCfg = Debug|Any CPU
		{168F5768-7C33-49B5-A510-793836266050}.Debug|Any CPU.Build.0 = Debug|Any CPU
		{168F5768-7C33-49B5-A510-793836266050}.Release|Any CPU.ActiveCfg = Release|Any CPU
		{168F5768-7C33-49B5-A510-793836266050}.Release|Any CPU.Build.0 = Release|Any CPU
		{C11BB966-6F4A-4F95-9B00-F9B64820CF23}.Debug|Any CPU.ActiveCfg = Debug|Any CPU
		{C11BB966-6F4A-4F95-9B00-F9B64820CF23}.Debug|Any CPU.Build.0 = Debug|Any CPU
		{C11BB966-6F4A-4F95-9B00-F9B64820CF23}.Release|Any CPU.ActiveCfg = Release|Any CPU
		{C11BB966-6F4A-4F95-9B00-F9B64820CF23}.Release|Any CPU.Build.0 = Release|Any CPU
		{2FBB6A21-83A9-4FC3-B2BD-D5C448014D53}.Debug|Any CPU.ActiveCfg = Debug|Any CPU
		{2FBB6A21-83A9-4FC3-B2BD-D5C448014D53}.Debug|Any CPU.Build.0 = Debug|Any CPU
		{2FBB6A21-83A9-4FC3-B2BD-D5C448014D53}.Release|Any CPU.ActiveCfg = Release|Any CPU
		{2FBB6A21-83A9-4FC3-B2BD-D5C448014D53}.Release|Any CPU.Build.0 = Release|Any CPU
		{64620F43-4750-432B-ACBA-819A00C4FD03}.Debug|Any CPU.ActiveCfg = Debug|Any CPU
		{64620F43-4750-432B-ACBA-819A00C4FD03}.Debug|Any CPU.Build.0 = Debug|Any CPU
		{64620F43-4750-432B-ACBA-819A00C4FD03}.Release|Any CPU.ActiveCfg = Release|Any CPU
		{64620F43-4750-432B-ACBA-819A00C4FD03}.Release|Any CPU.Build.0 = Release|Any CPU
		{119A169C-69D4-4311-8549-40458ED7550F}.Debug|Any CPU.ActiveCfg = Debug|Any CPU
		{119A169C-69D4-4311-8549-40458ED7550F}.Debug|Any CPU.Build.0 = Debug|Any CPU
		{119A169C-69D4-4311-8549-40458ED7550F}.Release|Any CPU.ActiveCfg = Release|Any CPU
		{119A169C-69D4-4311-8549-40458ED7550F}.Release|Any CPU.Build.0 = Release|Any CPU
		{F126277E-5DD2-4081-9D00-402D2DE905D1}.Debug|Any CPU.ActiveCfg = Debug|Any CPU
		{F126277E-5DD2-4081-9D00-402D2DE905D1}.Debug|Any CPU.Build.0 = Debug|Any CPU
		{F126277E-5DD2-4081-9D00-402D2DE905D1}.Release|Any CPU.ActiveCfg = Release|Any CPU
		{F126277E-5DD2-4081-9D00-402D2DE905D1}.Release|Any CPU.Build.0 = Release|Any CPU
		{C1689E75-571F-44F1-B71C-C7BB15F4B26A}.Debug|Any CPU.ActiveCfg = Debug|Any CPU
		{C1689E75-571F-44F1-B71C-C7BB15F4B26A}.Debug|Any CPU.Build.0 = Debug|Any CPU
		{C1689E75-571F-44F1-B71C-C7BB15F4B26A}.Release|Any CPU.ActiveCfg = Release|Any CPU
		{C1689E75-571F-44F1-B71C-C7BB15F4B26A}.Release|Any CPU.Build.0 = Release|Any CPU
		{537F867D-91A8-414A-9622-F2C0BBA93322}.Debug|Any CPU.ActiveCfg = Debug|Any CPU
		{537F867D-91A8-414A-9622-F2C0BBA93322}.Debug|Any CPU.Build.0 = Debug|Any CPU
		{537F867D-91A8-414A-9622-F2C0BBA93322}.Release|Any CPU.ActiveCfg = Release|Any CPU
		{537F867D-91A8-414A-9622-F2C0BBA93322}.Release|Any CPU.Build.0 = Release|Any CPU
		{3C93C8DD-6230-4F69-BCE1-B54804C78350}.Debug|Any CPU.ActiveCfg = Debug|Any CPU
		{3C93C8DD-6230-4F69-BCE1-B54804C78350}.Debug|Any CPU.Build.0 = Debug|Any CPU
		{3C93C8DD-6230-4F69-BCE1-B54804C78350}.Release|Any CPU.ActiveCfg = Release|Any CPU
		{3C93C8DD-6230-4F69-BCE1-B54804C78350}.Release|Any CPU.Build.0 = Release|Any CPU
		{E84BAE87-2C24-4FF7-BA69-7716828D5F1C}.Debug|Any CPU.ActiveCfg = Debug|Any CPU
		{E84BAE87-2C24-4FF7-BA69-7716828D5F1C}.Debug|Any CPU.Build.0 = Debug|Any CPU
		{E84BAE87-2C24-4FF7-BA69-7716828D5F1C}.Release|Any CPU.ActiveCfg = Release|Any CPU
		{E84BAE87-2C24-4FF7-BA69-7716828D5F1C}.Release|Any CPU.Build.0 = Release|Any CPU
		{5C3F273B-F736-45A6-87A4-A50B4A4A2726}.Debug|Any CPU.ActiveCfg = Debug|Any CPU
		{5C3F273B-F736-45A6-87A4-A50B4A4A2726}.Debug|Any CPU.Build.0 = Debug|Any CPU
		{5C3F273B-F736-45A6-87A4-A50B4A4A2726}.Release|Any CPU.ActiveCfg = Release|Any CPU
		{5C3F273B-F736-45A6-87A4-A50B4A4A2726}.Release|Any CPU.Build.0 = Release|Any CPU
		{EEBE54C9-DC1A-4DFE-B9A4-83BBD53E7EA2}.Debug|Any CPU.ActiveCfg = Debug|Any CPU
		{EEBE54C9-DC1A-4DFE-B9A4-83BBD53E7EA2}.Debug|Any CPU.Build.0 = Debug|Any CPU
		{EEBE54C9-DC1A-4DFE-B9A4-83BBD53E7EA2}.Release|Any CPU.ActiveCfg = Release|Any CPU
		{EEBE54C9-DC1A-4DFE-B9A4-83BBD53E7EA2}.Release|Any CPU.Build.0 = Release|Any CPU
		{C4B31A64-B42E-4839-A2F8-E3948906B1AE}.Debug|Any CPU.ActiveCfg = Debug|Any CPU
		{C4B31A64-B42E-4839-A2F8-E3948906B1AE}.Debug|Any CPU.Build.0 = Debug|Any CPU
		{C4B31A64-B42E-4839-A2F8-E3948906B1AE}.Release|Any CPU.ActiveCfg = Release|Any CPU
		{C4B31A64-B42E-4839-A2F8-E3948906B1AE}.Release|Any CPU.Build.0 = Release|Any CPU
		{190BF3EC-C626-43AF-8DF8-1AE7FA76A7F5}.Debug|Any CPU.ActiveCfg = Debug|Any CPU
		{190BF3EC-C626-43AF-8DF8-1AE7FA76A7F5}.Debug|Any CPU.Build.0 = Debug|Any CPU
		{190BF3EC-C626-43AF-8DF8-1AE7FA76A7F5}.Release|Any CPU.ActiveCfg = Release|Any CPU
		{190BF3EC-C626-43AF-8DF8-1AE7FA76A7F5}.Release|Any CPU.Build.0 = Release|Any CPU
		{80E940F2-1A4C-4F15-A729-6952FE7C4790}.Debug|Any CPU.ActiveCfg = Debug|Any CPU
		{80E940F2-1A4C-4F15-A729-6952FE7C4790}.Debug|Any CPU.Build.0 = Debug|Any CPU
		{80E940F2-1A4C-4F15-A729-6952FE7C4790}.Release|Any CPU.ActiveCfg = Release|Any CPU
		{80E940F2-1A4C-4F15-A729-6952FE7C4790}.Release|Any CPU.Build.0 = Release|Any CPU
		{363D427F-15E3-4CED-99A8-B0FDDE5BE291}.Debug|Any CPU.ActiveCfg = Debug|Any CPU
		{363D427F-15E3-4CED-99A8-B0FDDE5BE291}.Debug|Any CPU.Build.0 = Debug|Any CPU
		{363D427F-15E3-4CED-99A8-B0FDDE5BE291}.Release|Any CPU.ActiveCfg = Release|Any CPU
		{363D427F-15E3-4CED-99A8-B0FDDE5BE291}.Release|Any CPU.Build.0 = Release|Any CPU
		{93171C38-FAC2-4CE7-B2C4-D4646AF4B3AC}.Debug|Any CPU.ActiveCfg = Debug|Any CPU
		{93171C38-FAC2-4CE7-B2C4-D4646AF4B3AC}.Debug|Any CPU.Build.0 = Debug|Any CPU
		{93171C38-FAC2-4CE7-B2C4-D4646AF4B3AC}.Release|Any CPU.ActiveCfg = Release|Any CPU
		{93171C38-FAC2-4CE7-B2C4-D4646AF4B3AC}.Release|Any CPU.Build.0 = Release|Any CPU
		{D4D65905-93D6-4D06-BD64-89D16F8EC591}.Debug|Any CPU.ActiveCfg = Debug|Any CPU
		{D4D65905-93D6-4D06-BD64-89D16F8EC591}.Debug|Any CPU.Build.0 = Debug|Any CPU
		{D4D65905-93D6-4D06-BD64-89D16F8EC591}.Release|Any CPU.ActiveCfg = Release|Any CPU
		{D4D65905-93D6-4D06-BD64-89D16F8EC591}.Release|Any CPU.Build.0 = Release|Any CPU
		{30B8E0A5-5DBE-48FA-AEE4-0E9AC4664F06}.Debug|Any CPU.ActiveCfg = Debug|Any CPU
		{30B8E0A5-5DBE-48FA-AEE4-0E9AC4664F06}.Debug|Any CPU.Build.0 = Debug|Any CPU
		{30B8E0A5-5DBE-48FA-AEE4-0E9AC4664F06}.Release|Any CPU.ActiveCfg = Release|Any CPU
		{30B8E0A5-5DBE-48FA-AEE4-0E9AC4664F06}.Release|Any CPU.Build.0 = Release|Any CPU
		{C9659C06-8AE6-4E60-B717-8E3D191A684F}.Debug|Any CPU.ActiveCfg = Debug|Any CPU
		{C9659C06-8AE6-4E60-B717-8E3D191A684F}.Debug|Any CPU.Build.0 = Debug|Any CPU
		{C9659C06-8AE6-4E60-B717-8E3D191A684F}.Release|Any CPU.ActiveCfg = Release|Any CPU
		{C9659C06-8AE6-4E60-B717-8E3D191A684F}.Release|Any CPU.Build.0 = Release|Any CPU
	EndGlobalSection
	GlobalSection(SolutionProperties) = preSolution
		HideSolutionNode = FALSE
	EndGlobalSection
EndGlobal
